
Microsoft Visual Studio Solution File, Format Version 12.00
# Visual Studio Version 16
VisualStudioVersion = 16.0.31105.61
MinimumVisualStudioVersion = 10.0.40219.1
Project("{888888A0-9F3D-457C-B088-3A5042F75D52}") = "ChecadorSputnik", "ChecadorSputnik\ChecadorSputnik.pyproj", "{523CBD9C-AB7A-4DAF-A3A2-55AD15B7C1DE}"
EndProject
Global
	GlobalSection(SolutionConfigurationPlatforms) = preSolution
		Debug|Any CPU = Debug|Any CPU
		Release|Any CPU = Release|Any CPU
	EndGlobalSection
	GlobalSection(ProjectConfigurationPlatforms) = postSolution
		{523CBD9C-AB7A-4DAF-A3A2-55AD15B7C1DE}.Debug|Any CPU.ActiveCfg = Debug|Any CPU
		{523CBD9C-AB7A-4DAF-A3A2-55AD15B7C1DE}.Release|Any CPU.ActiveCfg = Release|Any CPU
	EndGlobalSection
	GlobalSection(SolutionProperties) = preSolution
		HideSolutionNode = FALSE
	EndGlobalSection
	GlobalSection(ExtensibilityGlobals) = postSolution
		SolutionGuid = {8424821F-38FB-4129-81A0-D4F1001C96A7}
	EndGlobalSection
EndGlobal
